
Microsoft Visual Studio Solution File, Format Version 12.00
# Visual Studio 2015
Project("{FAE04EC0-301F-11D3-BF4B-00C04F79EFBC}") = "MyGame", "MyGame.csproj", "{F8672B8E-08CC-FDD0-2655-E4A0BDE13795}"
EndProject
Project("{FAE04EC0-301F-11D3-BF4B-00C04F79EFBC}") = "MyGame.Editor", "MyGame.Editor.csproj", "{F7634D2D-384F-734F-B26E-AA13319DD46C}"
EndProject
Global
	GlobalSection(SolutionConfigurationPlatforms) = preSolution
		Debug|Any CPU = Debug|Any CPU
		Release|Any CPU = Release|Any CPU
	EndGlobalSection
	GlobalSection(ProjectConfigurationPlatforms) = postSolution
		{F8672B8E-08CC-FDD0-2655-E4A0BDE13795}.Debug|Any CPU.ActiveCfg = Debug|Any CPU
		{F8672B8E-08CC-FDD0-2655-E4A0BDE13795}.Debug|Any CPU.Build.0 = Debug|Any CPU
		{F8672B8E-08CC-FDD0-2655-E4A0BDE13795}.Release|Any CPU.ActiveCfg = Release|Any CPU
		{F8672B8E-08CC-FDD0-2655-E4A0BDE13795}.Release|Any CPU.Build.0 = Release|Any CPU
		{F7634D2D-384F-734F-B26E-AA13319DD46C}.Debug|Any CPU.ActiveCfg = Debug|Any CPU
		{F7634D2D-384F-734F-B26E-AA13319DD46C}.Debug|Any CPU.Build.0 = Debug|Any CPU
		{F7634D2D-384F-734F-B26E-AA13319DD46C}.Release|Any CPU.ActiveCfg = Release|Any CPU
		{F7634D2D-384F-734F-B26E-AA13319DD46C}.Release|Any CPU.Build.0 = Release|Any CPU
	EndGlobalSection
	GlobalSection(SolutionProperties) = preSolution
		HideSolutionNode = FALSE
	EndGlobalSection
EndGlobal
